
Microsoft Visual Studio Solution File, Format Version 12.00
# Visual Studio 14
VisualStudioVersion = 14.0.25420.1
MinimumVisualStudioVersion = 10.0.40219.1
Project("{FAE04EC0-301F-11D3-BF4B-00C04F79EFBC}") = "Eletrobid", "Eletrobid\Eletrobid.csproj", "{1AF9BE10-0110-4E15-94A5-A63EDA7414F5}"
	ProjectSection(ProjectDependencies) = postProject
		{80473164-C047-4959-9ED0-0FA5966FC935} = {80473164-C047-4959-9ED0-0FA5966FC935}
	EndProjectSection
EndProject
Project("{FAE04EC0-301F-11D3-BF4B-00C04F79EFBC}") = "Eletrobid.Models", "Eletrobid.Models\Eletrobid.Models.csproj", "{BF82670E-5606-4440-BBB9-DE60741A6DE5}"
EndProject
Project("{FAE04EC0-301F-11D3-BF4B-00C04F79EFBC}") = "Eletrobid.Dal", "Eletrobid.Dal\Eletrobid.Dal.csproj", "{80473164-C047-4959-9ED0-0FA5966FC935}"
EndProject
Project("{FAE04EC0-301F-11D3-BF4B-00C04F79EFBC}") = "Eletrobid.Nfe", "Eletrobid.Nfe\Eletrobid.Nfe.csproj", "{ABB6E16C-8C22-4FC1-859E-727DC2F017F8}"
EndProject
Global
	GlobalSection(SolutionConfigurationPlatforms) = preSolution
		Debug|Any CPU = Debug|Any CPU
		Release|Any CPU = Release|Any CPU
	EndGlobalSection
	GlobalSection(ProjectConfigurationPlatforms) = postSolution
		{1AF9BE10-0110-4E15-94A5-A63EDA7414F5}.Debug|Any CPU.ActiveCfg = Debug|Any CPU
		{1AF9BE10-0110-4E15-94A5-A63EDA7414F5}.Debug|Any CPU.Build.0 = Debug|Any CPU
		{1AF9BE10-0110-4E15-94A5-A63EDA7414F5}.Release|Any CPU.ActiveCfg = Release|Any CPU
		{1AF9BE10-0110-4E15-94A5-A63EDA7414F5}.Release|Any CPU.Build.0 = Release|Any CPU
		{BF82670E-5606-4440-BBB9-DE60741A6DE5}.Debug|Any CPU.ActiveCfg = Debug|Any CPU
		{BF82670E-5606-4440-BBB9-DE60741A6DE5}.Debug|Any CPU.Build.0 = Debug|Any CPU
		{BF82670E-5606-4440-BBB9-DE60741A6DE5}.Release|Any CPU.ActiveCfg = Release|Any CPU
		{BF82670E-5606-4440-BBB9-DE60741A6DE5}.Release|Any CPU.Build.0 = Release|Any CPU
		{80473164-C047-4959-9ED0-0FA5966FC935}.Debug|Any CPU.ActiveCfg = Debug|Any CPU
		{80473164-C047-4959-9ED0-0FA5966FC935}.Debug|Any CPU.Build.0 = Debug|Any CPU
		{80473164-C047-4959-9ED0-0FA5966FC935}.Release|Any CPU.ActiveCfg = Release|Any CPU
		{80473164-C047-4959-9ED0-0FA5966FC935}.Release|Any CPU.Build.0 = Release|Any CPU
		{ABB6E16C-8C22-4FC1-859E-727DC2F017F8}.Debug|Any CPU.ActiveCfg = Debug|Any CPU
		{ABB6E16C-8C22-4FC1-859E-727DC2F017F8}.Debug|Any CPU.Build.0 = Debug|Any CPU
		{ABB6E16C-8C22-4FC1-859E-727DC2F017F8}.Release|Any CPU.ActiveCfg = Release|Any CPU
		{ABB6E16C-8C22-4FC1-859E-727DC2F017F8}.Release|Any CPU.Build.0 = Release|Any CPU
	EndGlobalSection
	GlobalSection(SolutionProperties) = preSolution
		HideSolutionNode = FALSE
	EndGlobalSection
EndGlobal
